{
    "_readme": [
        "This file locks the dependencies of your project to a known state",
        "Read more about it at http://getcomposer.org/doc/01-basic-usage.md#composer-lock-the-lock-file"
    ],
    "hash": "0e69c98c36837f975286ae51abf5aa5f",
    "packages": [
        {
            "name": "doctrine/collections",
            "version": "dev-master",
            "source": {
                "type": "git",
                "url": "https://github.com/doctrine/collections.git",
                "reference": "b99c5c46c87126201899afe88ec490a25eedd6a2"
            },
            "dist": {
                "type": "zip",
                "url": "https://api.github.com/repos/doctrine/collections/zipball/b99c5c46c87126201899afe88ec490a25eedd6a2",
                "reference": "b99c5c46c87126201899afe88ec490a25eedd6a2",
                "shasum": ""
            },
            "require": {
                "php": ">=5.3.2"
            },
            "type": "library",
            "extra": {
                "branch-alias": {
                    "dev-master": "1.2.x-dev"
                }
            },
            "autoload": {
                "psr-0": {
                    "Doctrine\\Common\\Collections\\": "lib/"
                }
            },
            "notification-url": "https://packagist.org/downloads/",
            "license": [
                "MIT"
            ],
            "authors": [
                {
                    "name": "Jonathan Wage",
                    "email": "jonwage@gmail.com",
                    "homepage": "http://www.jwage.com/",
                    "role": "Creator"
                },
                {
                    "name": "Guilherme Blanco",
                    "email": "guilhermeblanco@gmail.com",
                    "homepage": "http://www.instaclick.com"
                },
                {
                    "name": "Roman Borschel",
                    "email": "roman@code-factory.org"
                },
                {
                    "name": "Benjamin Eberlei",
                    "email": "kontakt@beberlei.de"
                },
                {
                    "name": "Johannes Schmitt",
                    "email": "schmittjoh@gmail.com",
                    "homepage": "http://jmsyst.com",
                    "role": "Developer of wrapped JMSSerializerBundle"
                }
            ],
            "description": "Collections Abstraction library",
            "homepage": "http://www.doctrine-project.org",
            "keywords": [
                "array",
                "collections",
                "iterator"
            ],
            "time": "2014-02-03 23:07:43"
        },
        {
            "name": "etechnika/idna-convert",
            "version": "1.0.3",
            "source": {
                "type": "git",
                "url": "https://github.com/etechnika/idna-convert.git",
                "reference": "85e488474269b19630ca4e711061e4aa61ac879a"
            },
            "dist": {
                "type": "zip",
                "url": "https://api.github.com/repos/etechnika/idna-convert/zipball/85e488474269b19630ca4e711061e4aa61ac879a",
                "reference": "85e488474269b19630ca4e711061e4aa61ac879a",
                "shasum": ""
            },
            "require": {
                "php": ">=5.3.0"
            },
            "require-dev": {
                "fabpot/php-cs-fixer": "dev-master",
                "pdepend/pdepend": "1.1.*",
                "phploc/phploc": "2.0.*",
                "phpmd/phpmd": "1.5.*",
                "phpunit/php-code-coverage": "1.2.*",
                "phpunit/phpcov": "dev-master",
                "phpunit/phpunit": "3.7.*",
                "satooshi/php-coveralls": "dev-master",
                "sebastian/phpcpd": "2.0.*",
                "squizlabs/php_codesniffer": "1.4.*"
            },
            "type": "library",
            "autoload": {
                "psr-0": {
                    "Etechnika\\IdnaConvert": "src/"
                }
            },
            "notification-url": "https://packagist.org/downloads/",
            "license": [
                "LGPL-2.1"
            ],
            "authors": [
                {
                    "name": "Tomasz Rutkowski",
                    "email": "tomasz@etechnika.eu",
                    "homepage": "http://etechnika.eu",
                    "role": "Developer"
                }
            ],
            "description": "Etechnika.eu idna-convert",
            "homepage": "https://github.com/etechnika/idna-convert",
            "keywords": [
                "lib"
            ],
            "time": "2014-02-15 12:42:32"
        },
        {
            "name": "guzzle/guzzle",
            "version": "dev-master",
            "source": {
                "type": "git",
                "url": "https://github.com/guzzle/guzzle3.git",
                "reference": "f5ff2107333dff8ce984946d506929d9172c3573"
            },
            "dist": {
                "type": "zip",
                "url": "https://api.github.com/repos/guzzle/guzzle3/zipball/f5ff2107333dff8ce984946d506929d9172c3573",
                "reference": "f5ff2107333dff8ce984946d506929d9172c3573",
                "shasum": ""
            },
            "require": {
                "ext-curl": "*",
                "php": ">=5.3.3",
                "symfony/event-dispatcher": "~2.1"
            },
            "replace": {
                "guzzle/batch": "self.version",
                "guzzle/cache": "self.version",
                "guzzle/common": "self.version",
                "guzzle/http": "self.version",
                "guzzle/inflection": "self.version",
                "guzzle/iterator": "self.version",
                "guzzle/log": "self.version",
                "guzzle/parser": "self.version",
                "guzzle/plugin": "self.version",
                "guzzle/plugin-async": "self.version",
                "guzzle/plugin-backoff": "self.version",
                "guzzle/plugin-cache": "self.version",
                "guzzle/plugin-cookie": "self.version",
                "guzzle/plugin-curlauth": "self.version",
                "guzzle/plugin-error-response": "self.version",
                "guzzle/plugin-history": "self.version",
                "guzzle/plugin-log": "self.version",
                "guzzle/plugin-md5": "self.version",
                "guzzle/plugin-mock": "self.version",
                "guzzle/plugin-oauth": "self.version",
                "guzzle/service": "self.version",
                "guzzle/stream": "self.version"
            },
            "require-dev": {
                "doctrine/cache": "~1.3",
                "monolog/monolog": "~1.0",
                "phpunit/phpunit": "3.7.*",
                "psr/log": "~1.0",
                "symfony/class-loader": "~2.1",
                "zendframework/zend-cache": "2.*,<2.3",
                "zendframework/zend-log": "2.*,<2.3"
            },
            "type": "library",
            "extra": {
                "branch-alias": {
                    "dev-master": "3.8-dev"
                }
            },
            "autoload": {
                "psr-0": {
                    "Guzzle": "src/",
                    "Guzzle\\Tests": "tests/"
                }
            },
            "notification-url": "https://packagist.org/downloads/",
            "license": [
                "MIT"
            ],
            "authors": [
                {
                    "name": "Michael Dowling",
                    "email": "mtdowling@gmail.com",
                    "homepage": "https://github.com/mtdowling"
                },
                {
                    "name": "Guzzle Community",
                    "homepage": "https://github.com/guzzle/guzzle/contributors"
                }
            ],
            "description": "Guzzle is a PHP HTTP client library and framework for building RESTful web service clients",
            "homepage": "http://guzzlephp.org/",
            "keywords": [
                "client",
                "curl",
                "framework",
                "http",
                "http client",
                "rest",
                "web service"
            ],
            "time": "2014-03-26 17:17:05"
        },
        {
            "name": "hobnob/xml-stream-reader",
            "version": "1.0.3",
            "source": {
                "type": "git",
                "url": "https://github.com/hobnob/xmlStreamReader.git",
                "reference": "3f130f937c94accb6b7c6e30de3d736ff7d1b0ce"
            },
            "dist": {
                "type": "zip",
                "url": "https://api.github.com/repos/hobnob/xmlStreamReader/zipball/3f130f937c94accb6b7c6e30de3d736ff7d1b0ce",
                "reference": "3f130f937c94accb6b7c6e30de3d736ff7d1b0ce",
                "shasum": ""
            },
            "require": {
                "php": ">=5.3.0"
            },
            "require-dev": {
                "phpunit/phpunit": "3.7.*"
            },
            "type": "library",
            "autoload": {
                "psr-0": {
                    "Hobnob\\XmlStreamReader": "/classes/"
                }
            },
            "notification-url": "https://packagist.org/downloads/",
            "license": [
                "MIT"
            ],
            "authors": [
                {
                    "name": "David North",
                    "role": "Developer"
                }
            ],
            "description": "PHP SAX XML Stream Reader",
            "homepage": "https://github.com/hobnob/xmlStreamReader",
            "keywords": [
                "stream",
                "xml"
            ],
            "time": "2013-07-04 08:07:40"
        },
        {
            "name": "simplepie/simplepie",
            "version": "dev-master",
            "source": {
                "type": "git",
                "url": "https://github.com/simplepie/simplepie.git",
                "reference": "5f00e77b5feb96605cbcea4dcfb555e87c2fed24"
            },
            "dist": {
                "type": "zip",
                "url": "https://api.github.com/repos/simplepie/simplepie/zipball/5f00e77b5feb96605cbcea4dcfb555e87c2fed24",
                "reference": "5f00e77b5feb96605cbcea4dcfb555e87c2fed24",
                "shasum": ""
            },
            "require": {
                "php": ">=5.2.0"
            },
            "type": "library",
            "autoload": {
                "psr-0": {
                    "SimplePie": "library"
                }
            },
            "notification-url": "https://packagist.org/downloads/",
            "license": [
                "BSD-3-Clause"
            ],
            "authors": [
                {
                    "name": "Ryan Parman",
                    "homepage": "http://ryanparman.com/",
                    "role": "Creator, alumnus developer"
                },
                {
                    "name": "Geoffrey Sneddon",
                    "homepage": "http://gsnedders.com/",
                    "role": "Alumnus developer"
                },
                {
                    "name": "Ryan McCue",
                    "email": "me@ryanmccue.info",
                    "homepage": "http://ryanmccue.info/",
                    "role": "Developer"
                }
            ],
            "description": "A simple Atom/RSS parsing library for PHP",
            "homepage": "http://simplepie.org/",
            "keywords": [
                "atom",
                "feeds",
                "rss"
            ],
            "time": "2013-10-24 06:37:55"
        },
        {
            "name": "symfony/event-dispatcher",
            "version": "dev-master",
            "target-dir": "Symfony/Component/EventDispatcher",
            "source": {
                "type": "git",
                "url": "https://github.com/symfony/EventDispatcher.git",
                "reference": "8b345992d9e850798f46a6c68804ac9e4965e91a"
            },
            "dist": {
                "type": "zip",
                "url": "https://api.github.com/repos/symfony/EventDispatcher/zipball/8b345992d9e850798f46a6c68804ac9e4965e91a",
                "reference": "8b345992d9e850798f46a6c68804ac9e4965e91a",
                "shasum": ""
            },
            "require": {
                "php": ">=5.3.3"
            },
            "require-dev": {
                "psr/log": "~1.0",
                "symfony/dependency-injection": "~2.0",
                "symfony/stopwatch": "~2.2"
            },
            "suggest": {
                "symfony/dependency-injection": "",
                "symfony/http-kernel": ""
            },
            "type": "library",
            "extra": {
                "branch-alias": {
                    "dev-master": "2.5-dev"
                }
            },
            "autoload": {
                "psr-0": {
                    "Symfony\\Component\\EventDispatcher\\": ""
                }
            },
            "notification-url": "https://packagist.org/downloads/",
            "license": [
                "MIT"
            ],
            "authors": [
                {
                    "name": "Fabien Potencier",
                    "email": "fabien@symfony.com",
                    "homepage": "http://fabien.potencier.org",
                    "role": "Lead Developer"
                },
                {
                    "name": "Symfony Community",
                    "homepage": "http://symfony.com/contributors"
                }
            ],
            "description": "Symfony EventDispatcher Component",
            "homepage": "http://symfony.com",
            "time": "2014-02-11 13:52:21"
        },
        {
            "name": "webignition/cookie-domain-matcher",
            "version": "0.1.1",
            "source": {
                "type": "git",
                "url": "https://github.com/webignition/cookie-domain-matcher.git",
                "reference": "fceaa47ad3bb4f66a6e27d69b78e23dded5e6e84"
            },
            "dist": {
                "type": "zip",
                "url": "https://api.github.com/repos/webignition/cookie-domain-matcher/zipball/fceaa47ad3bb4f66a6e27d69b78e23dded5e6e84",
                "reference": "fceaa47ad3bb4f66a6e27d69b78e23dded5e6e84",
                "shasum": ""
            },
            "require": {
                "php": ">=5.3.0"
            },
            "require-dev": {
                "phpunit/phpunit": "3.7.*",
                "symfony/class-loader": "*"
            },
            "type": "library",
            "autoload": {
                "psr-0": {
                    "webignition\\Tests": "tests/",
                    "": "src/"
                }
            },
            "notification-url": "https://packagist.org/downloads/",
            "license": [
                "MIT"
            ],
            "authors": [
                {
                    "name": "Jon Cram",
                    "email": "jon@webignition.net"
                }
            ],
            "description": "Implementation of cookie domain matching specified in RFC6265",
            "homepage": "https://github.com/webignition/cookie-domain-matcher",
            "keywords": [
                "cookie",
                "domain",
                "hostname"
            ],
            "time": "2014-03-14 13:26:13"
        },
        {
            "name": "webignition/cookie-path-matcher",
            "version": "0.1",
            "source": {
                "type": "git",
                "url": "https://github.com/webignition/cookie-path-matcher.git",
                "reference": "f045714ca5c6c7d9603e25d2ae153db696caf52c"
            },
            "dist": {
                "type": "zip",
                "url": "https://api.github.com/repos/webignition/cookie-path-matcher/zipball/f045714ca5c6c7d9603e25d2ae153db696caf52c",
                "reference": "f045714ca5c6c7d9603e25d2ae153db696caf52c",
                "shasum": ""
            },
            "require": {
                "php": ">=5.3.0"
            },
            "require-dev": {
                "phpunit/phpunit": "3.7.*",
                "symfony/class-loader": "*"
            },
            "type": "library",
            "autoload": {
                "psr-0": {
                    "webignition\\Tests": "tests/",
                    "": "src/"
                }
            },
            "notification-url": "https://packagist.org/downloads/",
            "license": [
                "MIT"
            ],
            "authors": [
                {
                    "name": "Jon Cram",
                    "email": "jon@webignition.net"
                }
            ],
            "description": "Implementation of cookie path matching specified in RFC6265",
            "homepage": "https://github.com/webignition/cookie-path-matcher",
            "keywords": [
                "cookie",
                "matcher",
                "path"
            ],
            "time": "2014-03-14 12:33:11"
        },
        {
            "name": "webignition/cookie-url-matcher",
            "version": "0.1",
            "source": {
                "type": "git",
                "url": "https://github.com/webignition/cookie-url-matcher.git",
                "reference": "87b01ccb0264e49b5e53fdd5a546c44f2edc7978"
            },
            "dist": {
                "type": "zip",
                "url": "https://api.github.com/repos/webignition/cookie-url-matcher/zipball/87b01ccb0264e49b5e53fdd5a546c44f2edc7978",
                "reference": "87b01ccb0264e49b5e53fdd5a546c44f2edc7978",
                "shasum": ""
            },
            "require": {
                "php": ">=5.3.0",
                "webignition/cookie-domain-matcher": ">=0.1.1,<1",
                "webignition/cookie-path-matcher": ">=0.1,<1",
                "webignition/url": ">=1.9.9,<2"
            },
            "require-dev": {
                "phpunit/phpunit": "3.7.*",
                "symfony/class-loader": "*"
            },
            "type": "library",
            "autoload": {
                "psr-0": {
                    "webignition\\Tests": "tests/",
                    "": "src/"
                }
            },
            "notification-url": "https://packagist.org/downloads/",
            "license": [
                "MIT"
            ],
            "authors": [
                {
                    "name": "Jon Cram",
                    "email": "jon@webignition.net"
                }
            ],
            "description": "For cookie domain and url comparisons",
            "homepage": "https://github.com/webignition/cookie-url-matcher",
            "keywords": [
                "cookie",
                "matcher",
                "url"
            ],
            "time": "2014-03-14 14:04:40"
        },
        {
            "name": "webignition/internet-media-type",
            "version": "0.4.4",
            "source": {
                "type": "git",
                "url": "https://github.com/webignition/internet-media-type.git",
                "reference": "de30f77c5e9d3584b8bdfba29dce5517f10c9ab1"
            },
            "dist": {
                "type": "zip",
                "url": "https://api.github.com/repos/webignition/internet-media-type/zipball/de30f77c5e9d3584b8bdfba29dce5517f10c9ab1",
                "reference": "de30f77c5e9d3584b8bdfba29dce5517f10c9ab1",
                "shasum": ""
            },
            "require": {
                "php": ">=5.3.0",
                "webignition/quoted-string": ">=0.1,<2.0",
                "webignition/string-parser": ">=0.2.1, <2.0"
            },
            "type": "library",
            "autoload": {
                "psr-0": {
                    "": "src/"
                }
            },
            "notification-url": "https://packagist.org/downloads/",
            "license": [
                "MIT"
            ],
            "authors": [
                {
                    "name": "Jon Cram",
                    "email": "jon@webignition.net"
                }
            ],
            "description": "PHP model of an http://en.wikipedia.org/wiki/Internet_media_type",
            "homepage": "https://github.com/webignition/internet-media-type",
            "keywords": [
                "content type",
                "content-type",
                "internet media type",
                "media type",
                "media-type"
            ],
            "time": "2013-09-05 16:34:19"
        },
        {
            "name": "webignition/quoted-string",
            "version": "0.1",
            "source": {
                "type": "git",
                "url": "https://github.com/webignition/quoted-string.git",
                "reference": "43fa25f8c81eaa5aef4c2376703fe90d1449fdf8"
            },
            "dist": {
                "type": "zip",
                "url": "https://api.github.com/repos/webignition/quoted-string/zipball/43fa25f8c81eaa5aef4c2376703fe90d1449fdf8",
                "reference": "43fa25f8c81eaa5aef4c2376703fe90d1449fdf8",
                "shasum": ""
            },
            "require": {
                "php": ">=5.3.0"
            },
            "type": "library",
            "autoload": {
                "psr-0": {
                    "": "src/"
                }
            },
            "notification-url": "https://packagist.org/downloads/",
            "license": [
                "MIT"
            ],
            "authors": [
                {
                    "name": "Jon Cram",
                    "email": "jon@webignition.net"
                }
            ],
            "description": "A parser for string values that are encapsulated in double quotes (ASCII 34)",
            "homepage": "https://github.com/webignition/quoted-string",
            "keywords": [
                "parser",
                "quoted-string"
            ],
            "time": "2012-08-15 16:52:06"
        },
        {
            "name": "webignition/sitemap-model",
            "version": "1.0.3",
            "source": {
                "type": "git",
                "url": "https://github.com/webignition/sitemap-model.git",
                "reference": "751adcd9cb9c95e67630f1630166568e80a79f32"
            },
            "dist": {
                "type": "zip",
                "url": "https://api.github.com/repos/webignition/sitemap-model/zipball/751adcd9cb9c95e67630f1630166568e80a79f32",
                "reference": "751adcd9cb9c95e67630f1630166568e80a79f32",
                "shasum": ""
            },
            "require": {
                "hobnob/xml-stream-reader": "1.0.3",
                "php": ">=5.3.0",
                "simplepie/simplepie": "*",
                "webignition/url": ">=0.1,<2.0",
                "webignition/web-resource-model": ">=1.1.6,<2.0"
            },
            "require-dev": {
                "guzzle/guzzle": ">=3.8.1,<4",
                "phpunit/phpunit": "3.7.*",
                "symfony/class-loader": "*"
            },
            "type": "library",
            "autoload": {
                "psr-0": {
                    "webignition\\Tests": "tests/",
                    "": "src/"
                }
            },
            "notification-url": "https://packagist.org/downloads/",
            "license": [
                "MIT"
            ],
            "authors": [
                {
                    "name": "Jon Cram",
                    "email": "jon@webignition.net"
                }
            ],
            "description": "Models a website sitemap",
            "homepage": "https://github.com/webignition/sitemap-model",
            "keywords": [
                "Sitemap"
            ],
            "time": "2014-04-02 23:00:04"
        },
        {
            "name": "webignition/string-parser",
            "version": "0.2.1",
            "source": {
                "type": "git",
                "url": "https://github.com/webignition/string-parser.git",
                "reference": "a37b2b7d49da4ef6a806ad77b609033b9133bd5d"
            },
            "dist": {
                "type": "zip",
                "url": "https://api.github.com/repos/webignition/string-parser/zipball/a37b2b7d49da4ef6a806ad77b609033b9133bd5d",
                "reference": "a37b2b7d49da4ef6a806ad77b609033b9133bd5d",
                "shasum": ""
            },
            "require": {
                "php": ">=5.3.0"
            },
            "type": "library",
            "autoload": {
                "psr-0": {
                    "": "src/"
                }
            },
            "notification-url": "https://packagist.org/downloads/",
            "license": [
                "MIT"
            ],
            "authors": [
                {
                    "name": "Jon Cram",
                    "email": "jon@webignition.net"
                }
            ],
            "description": "Abstract state-based string parser",
            "homepage": "https://github.com/webignition/string-parser",
            "keywords": [
                "parser",
                "string"
            ],
            "time": "2013-03-18 14:32:24"
        },
        {
            "name": "webignition/url",
            "version": "1.9.10",
            "source": {
                "type": "git",
                "url": "https://github.com/webignition/url.git",
                "reference": "7df6141958c65957d3c692791eb8e07ace0cf147"
            },
            "dist": {
                "type": "zip",
                "url": "https://api.github.com/repos/webignition/url/zipball/7df6141958c65957d3c692791eb8e07ace0cf147",
                "reference": "7df6141958c65957d3c692791eb8e07ace0cf147",
                "shasum": ""
            },
            "require": {
                "etechnika/idna-convert": "1.0.*",
                "php": ">=5.3.0",
                "xrstf/ip-utils": "v1.0.0"
            },
            "type": "library",
            "autoload": {
                "psr-0": {
                    "": "src/"
                }
            },
            "notification-url": "https://packagist.org/downloads/",
            "license": [
                "MIT"
            ],
            "authors": [
                {
                    "name": "Jon Cram",
                    "email": "jon@webignition.net"
                }
            ],
            "description": "Represents a URL, a library to be used in many other places. Applies semantically-lossless normalisation for comparisons.",
            "homepage": "https://github.com/webignition/url",
            "keywords": [
                "url"
            ],
            "time": "2014-03-25 09:43:12"
        },
        {
            "name": "webignition/web-resource-model",
            "version": "1.1.6",
            "source": {
                "type": "git",
                "url": "https://github.com/webignition/web-resource-model.git",
                "reference": "6dc933df5f91a478a956a9ce84d9d5d961ad7f7f"
            },
            "dist": {
                "type": "zip",
                "url": "https://api.github.com/repos/webignition/web-resource-model/zipball/6dc933df5f91a478a956a9ce84d9d5d961ad7f7f",
                "reference": "6dc933df5f91a478a956a9ce84d9d5d961ad7f7f",
                "shasum": ""
            },
            "require": {
                "doctrine/collections": "~1.0",
                "guzzle/guzzle": ">=3.8.1,<4",
                "php": ">=5.3.0",
                "webignition/internet-media-type": ">=0.1,<2.0"
            },
            "require-dev": {
                "phpunit/phpunit": "3.7.*",
                "symfony/class-loader": "*"
            },
            "type": "library",
            "autoload": {
                "psr-0": {
                    "webignition\\Tests": "tests/",
                    "": "src/"
                }
            },
            "notification-url": "https://packagist.org/downloads/",
            "license": [
                "MIT"
            ],
            "authors": [
                {
                    "name": "Jon Cram",
                    "email": "jon@webignition.net"
                }
            ],
            "description": "Model of a web-based resource",
            "homepage": "https://github.com/webignition/web-resource-model",
            "keywords": [
                "modem",
                "web"
            ],
            "time": "2014-04-02 22:55:19"
        },
        {
            "name": "xrstf/ip-utils",
            "version": "v1.0.0",
            "source": {
                "type": "hg",
                "url": "https://bitbucket.org/xrstf/ip-utils",
                "reference": "d7469bb0c407e423c9d1b49ff2e8980c800871e2"
            },
            "dist": {
                "type": "zip",
                "url": "https://bitbucket.org/xrstf/ip-utils/get/d7469bb0c407e423c9d1b49ff2e8980c800871e2.zip",
                "reference": "d7469bb0c407e423c9d1b49ff2e8980c800871e2",
                "shasum": ""
            },
            "require": {
                "php": ">=5.3.0"
            },
            "type": "library",
            "extra": {
                "branch-alias": {
                    "dev-default": "1.x-dev"
                }
            },
            "autoload": {
                "psr-0": {
                    "IpUtils\\": "lib/"
                }
            },
            "notification-url": "https://packagist.org/downloads/",
            "license": [
                "MIT"
            ],
            "authors": [
                {
                    "name": "Christoph Mewes",
                    "homepage": "http://www.xrstf.de/"
                }
            ],
            "description": "small library to deal with IPv4 & IPv6 addresses and subnets",
            "keywords": [
                "IP",
                "ipv4",
                "ipv6",
                "matching",
                "subnet"
            ],
            "time": "2013-02-27 03:27:30"
        }
    ],
    "packages-dev": [

    ],
    "aliases": [

    ],
    "minimum-stability": "dev",
    "stability-flags": [

    ],
    "platform": {
        "php": ">=5.3.0"
    },
    "platform-dev": [

    ]
}
